
Microsoft Visual Studio Solution File, Format Version 12.00
# Visual Studio Version 16
VisualStudioVersion = 16.0.29911.84
MinimumVisualStudioVersion = 10.0.40219.1
Project("{FAE04EC0-301F-11D3-BF4B-00C04F79EFBC}") = "AutomationDemo472", "AutomationDemo472\AutomationDemo472.csproj", "{0041B4ED-EDF3-4101-92EA-15860D67A9A0}"
EndProject
Project("{FAE04EC0-301F-11D3-BF4B-00C04F79EFBC}") = "AutomationDemo472Tests", "AutomationDemo472Tests\AutomationDemo472Tests.csproj", "{35CA4406-5C75-4F54-AF62-A521D36A6A44}"
EndProject
Global
	GlobalSection(SolutionConfigurationPlatforms) = preSolution
		Debug|Any CPU = Debug|Any CPU
		Release|Any CPU = Release|Any CPU
	EndGlobalSection
	GlobalSection(ProjectConfigurationPlatforms) = postSolution
		{0041B4ED-EDF3-4101-92EA-15860D67A9A0}.Debug|Any CPU.ActiveCfg = Debug|Any CPU
		{0041B4ED-EDF3-4101-92EA-15860D67A9A0}.Debug|Any CPU.Build.0 = Debug|Any CPU
		{0041B4ED-EDF3-4101-92EA-15860D67A9A0}.Release|Any CPU.ActiveCfg = Release|Any CPU
		{0041B4ED-EDF3-4101-92EA-15860D67A9A0}.Release|Any CPU.Build.0 = Release|Any CPU
		{35CA4406-5C75-4F54-AF62-A521D36A6A44}.Debug|Any CPU.ActiveCfg = Debug|Any CPU
		{35CA4406-5C75-4F54-AF62-A521D36A6A44}.Debug|Any CPU.Build.0 = Debug|Any CPU
		{35CA4406-5C75-4F54-AF62-A521D36A6A44}.Release|Any CPU.ActiveCfg = Release|Any CPU
		{35CA4406-5C75-4F54-AF62-A521D36A6A44}.Release|Any CPU.Build.0 = Release|Any CPU
	EndGlobalSection
	GlobalSection(SolutionProperties) = preSolution
		HideSolutionNode = FALSE
	EndGlobalSection
	GlobalSection(ExtensibilityGlobals) = postSolution
		SolutionGuid = {C513DAE9-B2E5-4AD3-A5E0-48F8074D92F0}
	EndGlobalSection
EndGlobal
